
Microsoft Visual Studio Solution File, Format Version 12.00
# Visual Studio Version 17
VisualStudioVersion = 17.11.35312.102
MinimumVisualStudioVersion = 10.0.40219.1
Project("{FAE04EC0-301F-11D3-BF4B-00C04F79EFBC}") = "Namnsorterare", "Namnsorterare.csproj", "{A4C07002-479E-4F2A-B6B9-CA2DDB09FB39}"
EndProject
Global
	GlobalSection(SolutionConfigurationPlatforms) = preSolution
		Debug|Any CPU = Debug|Any CPU
		Release|Any CPU = Release|Any CPU
	EndGlobalSection
	GlobalSection(ProjectConfigurationPlatforms) = postSolution
		{A4C07002-479E-4F2A-B6B9-CA2DDB09FB39}.Debug|Any CPU.ActiveCfg = Debug|Any CPU
		{A4C07002-479E-4F2A-B6B9-CA2DDB09FB39}.Debug|Any CPU.Build.0 = Debug|Any CPU
		{A4C07002-479E-4F2A-B6B9-CA2DDB09FB39}.Release|Any CPU.ActiveCfg = Release|Any CPU
		{A4C07002-479E-4F2A-B6B9-CA2DDB09FB39}.Release|Any CPU.Build.0 = Release|Any CPU
	EndGlobalSection
	GlobalSection(SolutionProperties) = preSolution
		HideSolutionNode = FALSE
	EndGlobalSection
	GlobalSection(ExtensibilityGlobals) = postSolution
		SolutionGuid = {5AE87135-4119-4737-8C86-EE8F86EF2F36}
	EndGlobalSection
EndGlobal
